// !$*UTF8*$!
{
	archiveVersion = 1;
	classes = {
	};
	objectVersion = 50;
	objects = {

/* Begin PBXBuildFile section */
		79C7B23F25DCCD1E00EFB3E5 /* GoogleImageDownloadApp.swift in Sources */ = {isa = PBXBuildFile; fileRef = 79C7B23E25DCCD1E00EFB3E5 /* GoogleImageDownloadApp.swift */; };
		79C7B24125DCCD1E00EFB3E5 /* ContentView.swift in Sources */ = {isa = PBXBuildFile; fileRef = 79C7B24025DCCD1E00EFB3E5 /* ContentView.swift */; };
		79C7B24325DCCD1F00EFB3E5 /* Assets.xcassets in Resources */ = {isa = PBXBuildFile; fileRef = 79C7B24225DCCD1F00EFB3E5 /* Assets.xcassets */; };
		79C7B24625DCCD1F00EFB3E5 /* Preview Assets.xcassets in Resources */ = {isa = PBXBuildFile; fileRef = 79C7B24525DCCD1F00EFB3E5 /* Preview Assets.xcassets */; };
		79C7B24825DCCD1F00EFB3E5 /* Persistence.swift in Sources */ = {isa = PBXBuildFile; fileRef = 79C7B24725DCCD1F00EFB3E5 /* Persistence.swift */; };
		79C7B24B25DCCD1F00EFB3E5 /* GoogleImageDownload.xcdatamodeld in Sources */ = {isa = PBXBuildFile; fileRef = 79C7B24925DCCD1F00EFB3E5 /* GoogleImageDownload.xcdatamodeld */; };
		79C7B25625DCCD2000EFB3E5 /* GoogleImageDownloadTests.swift in Sources */ = {isa = PBXBuildFile; fileRef = 79C7B25525DCCD2000EFB3E5 /* GoogleImageDownloadTests.swift */; };
		79C7B26125DCCD2000EFB3E5 /* GoogleImageDownloadUITests.swift in Sources */ = {isa = PBXBuildFile; fileRef = 79C7B26025DCCD2000EFB3E5 /* GoogleImageDownloadUITests.swift */; };
/* End PBXBuildFile section */

/* Begin PBXContainerItemProxy section */
		79C7B25225DCCD2000EFB3E5 /* PBXContainerItemProxy */ = {
			isa = PBXContainerItemProxy;
			containerPortal = 79C7B23325DCCD1D00EFB3E5 /* Project object */;
			proxyType = 1;
			remoteGlobalIDString = 79C7B23A25DCCD1D00EFB3E5;
			remoteInfo = GoogleImageDownload;
		};
		79C7B25D25DCCD2000EFB3E5 /* PBXContainerItemProxy */ = {
			isa = PBXContainerItemProxy;
			containerPortal = 79C7B23325DCCD1D00EFB3E5 /* Project object */;
			proxyType = 1;
			remoteGlobalIDString = 79C7B23A25DCCD1D00EFB3E5;
			remoteInfo = GoogleImageDownload;
		};
/* End PBXContainerItemProxy section */

/* Begin PBXFileReference section */
		79C7B23B25DCCD1D00EFB3E5 /* GoogleImageDownload.app */ = {isa = PBXFileReference; explicitFileType = wrapper.application; includeInIndex = 0; path = GoogleImageDownload.app; sourceTree = BUILT_PRODUCTS_DIR; };
		79C7B23E25DCCD1E00EFB3E5 /* GoogleImageDownloadApp.swift */ = {isa = PBXFileReference; lastKnownFileType = sourcecode.swift; path = GoogleImageDownloadApp.swift; sourceTree = "<group>"; };
		79C7B24025DCCD1E00EFB3E5 /* ContentView.swift */ = {isa = PBXFileReference; lastKnownFileType = sourcecode.swift; path = ContentView.swift; sourceTree = "<group>"; };
		79C7B24225DCCD1F00EFB3E5 /* Assets.xcassets */ = {isa = PBXFileReference; lastKnownFileType = folder.assetcatalog; path = Assets.xcassets; sourceTree = "<group>"; };
		79C7B24525DCCD1F00EFB3E5 /* Preview Assets.xcassets */ = {isa = PBXFileReference; lastKnownFileType = folder.assetcatalog; path = "Preview Assets.xcassets"; sourceTree = "<group>"; };
		79C7B24725DCCD1F00EFB3E5 /* Persistence.swift */ = {isa = PBXFileReference; lastKnownFileType = sourcecode.swift; path = Persistence.swift; sourceTree = "<group>"; };
		79C7B24A25DCCD1F00EFB3E5 /* GoogleImageDownload.xcdatamodel */ = {isa = PBXFileReference; lastKnownFileType = wrapper.xcdatamodel; path = GoogleImageDownload.xcdatamodel; sourceTree = "<group>"; };
		79C7B24C25DCCD1F00EFB3E5 /* Info.plist */ = {isa = PBXFileReference; lastKnownFileType = text.plist.xml; path = Info.plist; sourceTree = "<group>"; };
		79C7B25125DCCD2000EFB3E5 /* GoogleImageDownloadTests.xctest */ = {isa = PBXFileReference; explicitFileType = wrapper.cfbundle; includeInIndex = 0; path = GoogleImageDownloadTests.xctest; sourceTree = BUILT_PRODUCTS_DIR; };
		79C7B25525DCCD2000EFB3E5 /* GoogleImageDownloadTests.swift */ = {isa = PBXFileReference; lastKnownFileType = sourcecode.swift; path = GoogleImageDownloadTests.swift; sourceTree = "<group>"; };
		79C7B25725DCCD2000EFB3E5 /* Info.plist */ = {isa = PBXFileReference; lastKnownFileType = text.plist.xml; path = Info.plist; sourceTree = "<group>"; };
		79C7B25C25DCCD2000EFB3E5 /* GoogleImageDownloadUITests.xctest */ = {isa = PBXFileReference; explicitFileType = wrapper.cfbundle; includeInIndex = 0; path = GoogleImageDownloadUITests.xctest; sourceTree = BUILT_PRODUCTS_DIR; };
		79C7B26025DCCD2000EFB3E5 /* GoogleImageDownloadUITests.swift */ = {isa = PBXFileReference; lastKnownFileType = sourcecode.swift; path = GoogleImageDownloadUITests.swift; sourceTree = "<group>"; };
		79C7B26225DCCD2000EFB3E5 /* Info.plist */ = {isa = PBXFileReference; lastKnownFileType = text.plist.xml; path = Info.plist; sourceTree = "<group>"; };
/* End PBXFileReference section */

/* Begin PBXFrameworksBuildPhase section */
		79C7B23825DCCD1D00EFB3E5 /* Frameworks */ = {
			isa = PBXFrameworksBuildPhase;
			buildActionMask = 2147483647;
			files = (
			);
			runOnlyForDeploymentPostprocessing = 0;
		};
		79C7B24E25DCCD2000EFB3E5 /* Frameworks */ = {
			isa = PBXFrameworksBuildPhase;
			buildActionMask = 2147483647;
			files = (
			);
			runOnlyForDeploymentPostprocessing = 0;
		};
		79C7B25925DCCD2000EFB3E5 /* Frameworks */ = {
			isa = PBXFrameworksBuildPhase;
			buildActionMask = 2147483647;
			files = (
			);
			runOnlyForDeploymentPostprocessing = 0;
		};
/* End PBXFrameworksBuildPhase section */

/* Begin PBXGroup section */
		79C7B23225DCCD1D00EFB3E5 = {
			isa = PBXGroup;
			children = (
				79C7B23D25DCCD1D00EFB3E5 /* GoogleImageDownload */,
				79C7B25425DCCD2000EFB3E5 /* GoogleImageDownloadTests */,
				79C7B25F25DCCD2000EFB3E5 /* GoogleImageDownloadUITests */,
				79C7B23C25DCCD1D00EFB3E5 /* Products */,
			);
			sourceTree = "<group>";
		};
		79C7B23C25DCCD1D00EFB3E5 /* Products */ = {
			isa = PBXGroup;
			children = (
				79C7B23B25DCCD1D00EFB3E5 /* GoogleImageDownload.app */,
				79C7B25125DCCD2000EFB3E5 /* GoogleImageDownloadTests.xctest */,
				79C7B25C25DCCD2000EFB3E5 /* GoogleImageDownloadUITests.xctest */,
			);
			name = Products;
			sourceTree = "<group>";
		};
		79C7B23D25DCCD1D00EFB3E5 /* GoogleImageDownload */ = {
			isa = PBXGroup;
			children = (
				79C7B23E25DCCD1E00EFB3E5 /* GoogleImageDownloadApp.swift */,
				79C7B24025DCCD1E00EFB3E5 /* ContentView.swift */,
				79C7B24225DCCD1F00EFB3E5 /* Assets.xcassets */,
				79C7B24725DCCD1F00EFB3E5 /* Persistence.swift */,
				79C7B24C25DCCD1F00EFB3E5 /* Info.plist */,
				79C7B24925DCCD1F00EFB3E5 /* GoogleImageDownload.xcdatamodeld */,
				79C7B24425DCCD1F00EFB3E5 /* Preview Content */,
			);
			path = GoogleImageDownload;
			sourceTree = "<group>";
		};
		79C7B24425DCCD1F00EFB3E5 /* Preview Content */ = {
			isa = PBXGroup;
			children = (
				79C7B24525DCCD1F00EFB3E5 /* Preview Assets.xcassets */,
			);
			path = "Preview Content";
			sourceTree = "<group>";
		};
		79C7B25425DCCD2000EFB3E5 /* GoogleImageDownloadTests */ = {
			isa = PBXGroup;
			children = (
				79C7B25525DCCD2000EFB3E5 /* GoogleImageDownloadTests.swift */,
				79C7B25725DCCD2000EFB3E5 /* Info.plist */,
			);
			path = GoogleImageDownloadTests;
			sourceTree = "<group>";
		};
		79C7B25F25DCCD2000EFB3E5 /* GoogleImageDownloadUITests */ = {
			isa = PBXGroup;
			children = (
				79C7B26025DCCD2000EFB3E5 /* GoogleImageDownloadUITests.swift */,
				79C7B26225DCCD2000EFB3E5 /* Info.plist */,
			);
			path = GoogleImageDownloadUITests;
			sourceTree = "<group>";
		};
/* End PBXGroup section */

/* Begin PBXNativeTarget section */
		79C7B23A25DCCD1D00EFB3E5 /* GoogleImageDownload */ = {
			isa = PBXNativeTarget;
			buildConfigurationList = 79C7B26525DCCD2000EFB3E5 /* Build configuration list for PBXNativeTarget "GoogleImageDownload" */;
			buildPhases = (
				79C7B23725DCCD1D00EFB3E5 /* Sources */,
				79C7B23825DCCD1D00EFB3E5 /* Frameworks */,
				79C7B23925DCCD1D00EFB3E5 /* Resources */,
			);
			buildRules = (
			);
			dependencies = (
			);
			name = GoogleImageDownload;
			productName = GoogleImageDownload;
			productReference = 79C7B23B25DCCD1D00EFB3E5 /* GoogleImageDownload.app */;
			productType = "com.apple.product-type.application";
		};
		79C7B25025DCCD2000EFB3E5 /* GoogleImageDownloadTests */ = {
			isa = PBXNativeTarget;
			buildConfigurationList = 79C7B26825DCCD2000EFB3E5 /* Build configuration list for PBXNativeTarget "GoogleImageDownloadTests" */;
			buildPhases = (
				79C7B24D25DCCD2000EFB3E5 /* Sources */,
				79C7B24E25DCCD2000EFB3E5 /* Frameworks */,
				79C7B24F25DCCD2000EFB3E5 /* Resources */,
			);
			buildRules = (
			);
			dependencies = (
				79C7B25325DCCD2000EFB3E5 /* PBXTargetDependency */,
			);
			name = GoogleImageDownloadTests;
			productName = GoogleImageDownloadTests;
			productReference = 79C7B25125DCCD2000EFB3E5 /* GoogleImageDownloadTests.xctest */;
			productType = "com.apple.product-type.bundle.unit-test";
		};
		79C7B25B25DCCD2000EFB3E5 /* GoogleImageDownloadUITests */ = {
			isa = PBXNativeTarget;
			buildConfigurationList = 79C7B26B25DCCD2000EFB3E5 /* Build configuration list for PBXNativeTarget "GoogleImageDownloadUITests" */;
			buildPhases = (
				79C7B25825DCCD2000EFB3E5 /* Sources */,
				79C7B25925DCCD2000EFB3E5 /* Frameworks */,
				79C7B25A25DCCD2000EFB3E5 /* Resources */,
			);
			buildRules = (
			);
			dependencies = (
				79C7B25E25DCCD2000EFB3E5 /* PBXTargetDependency */,
			);
			name = GoogleImageDownloadUITests;
			productName = GoogleImageDownloadUITests;
			productReference = 79C7B25C25DCCD2000EFB3E5 /* GoogleImageDownloadUITests.xctest */;
			productType = "com.apple.product-type.bundle.ui-testing";
		};
/* End PBXNativeTarget section */

/* Begin PBXProject section */
		79C7B23325DCCD1D00EFB3E5 /* Project object */ = {
			isa = PBXProject;
			attributes = {
				LastSwiftUpdateCheck = 1240;
				LastUpgradeCheck = 1240;
				TargetAttributes = {
					79C7B23A25DCCD1D00EFB3E5 = {
						CreatedOnToolsVersion = 12.4;
					};
					79C7B25025DCCD2000EFB3E5 = {
						CreatedOnToolsVersion = 12.4;
						TestTargetID = 79C7B23A25DCCD1D00EFB3E5;
					};
					79C7B25B25DCCD2000EFB3E5 = {
						CreatedOnToolsVersion = 12.4;
						TestTargetID = 79C7B23A25DCCD1D00EFB3E5;
					};
				};
			};
			buildConfigurationList = 79C7B23625DCCD1D00EFB3E5 /* Build configuration list for PBXProject "GoogleImageDownload" */;
			compatibilityVersion = "Xcode 9.3";
			developmentRegion = en;
			hasScannedForEncodings = 0;
			knownRegions = (
				en,
				Base,
			);
			mainGroup = 79C7B23225DCCD1D00EFB3E5;
			productRefGroup = 79C7B23C25DCCD1D00EFB3E5 /* Products */;
			projectDirPath = "";
			projectRoot = "";
			targets = (
				79C7B23A25DCCD1D00EFB3E5 /* GoogleImageDownload */,
				79C7B25025DCCD2000EFB3E5 /* GoogleImageDownloadTests */,
				79C7B25B25DCCD2000EFB3E5 /* GoogleImageDownloadUITests */,
			);
		};
/* End PBXProject section */

/* Begin PBXResourcesBuildPhase section */
		79C7B23925DCCD1D00EFB3E5 /* Resources */ = {
			isa = PBXResourcesBuildPhase;
			buildActionMask = 2147483647;
			files = (
				79C7B24625DCCD1F00EFB3E5 /* Preview Assets.xcassets in Resources */,
				79C7B24325DCCD1F00EFB3E5 /* Assets.xcassets in Resources */,
			);
			runOnlyForDeploymentPostprocessing = 0;
		};
		79C7B24F25DCCD2000EFB3E5 /* Resources */ = {
			isa = PBXResourcesBuildPhase;
			buildActionMask = 2147483647;
			files = (
			);
			runOnlyForDeploymentPostprocessing = 0;
		};
		79C7B25A25DCCD2000EFB3E5 /* Resources */ = {
			isa = PBXResourcesBuildPhase;
			buildActionMask = 2147483647;
			files = (
			);
			runOnlyForDeploymentPostprocessing = 0;
		};
/* End PBXResourcesBuildPhase section */

/* Begin PBXSourcesBuildPhase section */
		79C7B23725DCCD1D00EFB3E5 /* Sources */ = {
			isa = PBXSourcesBuildPhase;
			buildActionMask = 2147483647;
			files = (
				79C7B24B25DCCD1F00EFB3E5 /* GoogleImageDownload.xcdatamodeld in Sources */,
				79C7B24825DCCD1F00EFB3E5 /* Persistence.swift in Sources */,
				79C7B24125DCCD1E00EFB3E5 /* ContentView.swift in Sources */,
				79C7B23F25DCCD1E00EFB3E5 /* GoogleImageDownloadApp.swift in Sources */,
			);
			runOnlyForDeploymentPostprocessing = 0;
		};
		79C7B24D25DCCD2000EFB3E5 /* Sources */ = {
			isa = PBXSourcesBuildPhase;
			buildActionMask = 2147483647;
			files = (
				79C7B25625DCCD2000EFB3E5 /* GoogleImageDownloadTests.swift in Sources */,
			);
			runOnlyForDeploymentPostprocessing = 0;
		};
		79C7B25825DCCD2000EFB3E5 /* Sources */ = {
			isa = PBXSourcesBuildPhase;
			buildActionMask = 2147483647;
			files = (
				79C7B26125DCCD2000EFB3E5 /* GoogleImageDownloadUITests.swift in Sources */,
			);
			runOnlyForDeploymentPostprocessing = 0;
		};
/* End PBXSourcesBuildPhase section */

/* Begin PBXTargetDependency section */
		79C7B25325DCCD2000EFB3E5 /* PBXTargetDependency */ = {
			isa = PBXTargetDependency;
			target = 79C7B23A25DCCD1D00EFB3E5 /* GoogleImageDownload */;
			targetProxy = 79C7B25225DCCD2000EFB3E5 /* PBXContainerItemProxy */;
		};
		79C7B25E25DCCD2000EFB3E5 /* PBXTargetDependency */ = {
			isa = PBXTargetDependency;
			target = 79C7B23A25DCCD1D00EFB3E5 /* GoogleImageDownload */;
			targetProxy = 79C7B25D25DCCD2000EFB3E5 /* PBXContainerItemProxy */;
		};
/* End PBXTargetDependency section */

/* Begin XCBuildConfiguration section */
		79C7B26325DCCD2000EFB3E5 /* Debug */ = {
			isa = XCBuildConfiguration;
			buildSettings = {
				ALWAYS_SEARCH_USER_PATHS = NO;
				CLANG_ANALYZER_NONNULL = YES;
				CLANG_ANALYZER_NUMBER_OBJECT_CONVERSION = YES_AGGRESSIVE;
				CLANG_CXX_LANGUAGE_STANDARD = "gnu++14";
				CLANG_CXX_LIBRARY = "libc++";
				CLANG_ENABLE_MODULES = YES;
				CLANG_ENABLE_OBJC_ARC = YES;
				CLANG_ENABLE_OBJC_WEAK = YES;
				CLANG_WARN_BLOCK_CAPTURE_AUTORELEASING = YES;
				CLANG_WARN_BOOL_CONVERSION = YES;
				CLANG_WARN_COMMA = YES;
				CLANG_WARN_CONSTANT_CONVERSION = YES;
				CLANG_WARN_DEPRECATED_OBJC_IMPLEMENTATIONS = YES;
				CLANG_WARN_DIRECT_OBJC_ISA_USAGE = YES_ERROR;
				CLANG_WARN_DOCUMENTATION_COMMENTS = YES;
				CLANG_WARN_EMPTY_BODY = YES;
				CLANG_WARN_ENUM_CONVERSION = YES;
				CLANG_WARN_INFINITE_RECURSION = YES;
				CLANG_WARN_INT_CONVERSION = YES;
				CLANG_WARN_NON_LITERAL_NULL_CONVERSION = YES;
				CLANG_WARN_OBJC_IMPLICIT_RETAIN_SELF = YES;
				CLANG_WARN_OBJC_LITERAL_CONVERSION = YES;
				CLANG_WARN_OBJC_ROOT_CLASS = YES_ERROR;
				CLANG_WARN_QUOTED_INCLUDE_IN_FRAMEWORK_HEADER = YES;
				CLANG_WARN_RANGE_LOOP_ANALYSIS = YES;
				CLANG_WARN_STRICT_PROTOTYPES = YES;
				CLANG_WARN_SUSPICIOUS_MOVE = YES;
				CLANG_WARN_UNGUARDED_AVAILABILITY = YES_AGGRESSIVE;
				CLANG_WARN_UNREACHABLE_CODE = YES;
				CLANG_WARN__DUPLICATE_METHOD_MATCH = YES;
				COPY_PHASE_STRIP = NO;
				DEBUG_INFORMATION_FORMAT = dwarf;
				ENABLE_STRICT_OBJC_MSGSEND = YES;
				ENABLE_TESTABILITY = YES;
				GCC_C_LANGUAGE_STANDARD = gnu11;
				GCC_DYNAMIC_NO_PIC = NO;
				GCC_NO_COMMON_BLOCKS = YES;
				GCC_OPTIMIZATION_LEVEL = 0;
				GCC_PREPROCESSOR_DEFINITIONS = (
					"DEBUG=1",
					"$(inherited)",
				);
				GCC_WARN_64_TO_32_BIT_CONVERSION = YES;
				GCC_WARN_ABOUT_RETURN_TYPE = YES_ERROR;
				GCC_WARN_UNDECLARED_SELECTOR = YES;
				GCC_WARN_UNINITIALIZED_AUTOS = YES_AGGRESSIVE;
				GCC_WARN_UNUSED_FUNCTION = YES;
				GCC_WARN_UNUSED_VARIABLE = YES;
				IPHONEOS_DEPLOYMENT_TARGET = 14.4;
				MTL_ENABLE_DEBUG_INFO = INCLUDE_SOURCE;
				MTL_FAST_MATH = YES;
				ONLY_ACTIVE_ARCH = YES;
				SDKROOT = iphoneos;
				SWIFT_ACTIVE_COMPILATION_CONDITIONS = DEBUG;
				SWIFT_OPTIMIZATION_LEVEL = "-Onone";
			};
			name = Debug;
		};
		79C7B26425DCCD2000EFB3E5 /* Release */ = {
			isa = XCBuildConfiguration;
			buildSettings = {
				ALWAYS_SEARCH_USER_PATHS = NO;
				CLANG_ANALYZER_NONNULL = YES;
				CLANG_ANALYZER_NUMBER_OBJECT_CONVERSION = YES_AGGRESSIVE;
				CLANG_CXX_LANGUAGE_STANDARD = "gnu++14";
				CLANG_CXX_LIBRARY = "libc++";
				CLANG_ENABLE_MODULES = YES;
				CLANG_ENABLE_OBJC_ARC = YES;
				CLANG_ENABLE_OBJC_WEAK = YES;
				CLANG_WARN_BLOCK_CAPTURE_AUTORELEASING = YES;
				CLANG_WARN_BOOL_CONVERSION = YES;
				CLANG_WARN_COMMA = YES;
				CLANG_WARN_CONSTANT_CONVERSION = YES;
				CLANG_WARN_DEPRECATED_OBJC_IMPLEMENTATIONS = YES;
				CLANG_WARN_DIRECT_OBJC_ISA_USAGE = YES_ERROR;
				CLANG_WARN_DOCUMENTATION_COMMENTS = YES;
				CLANG_WARN_EMPTY_BODY = YES;
				CLANG_WARN_ENUM_CONVERSION = YES;
				CLANG_WARN_INFINITE_RECURSION = YES;
				CLANG_WARN_INT_CONVERSION = YES;
				CLANG_WARN_NON_LITERAL_NULL_CONVERSION = YES;
				CLANG_WARN_OBJC_IMPLICIT_RETAIN_SELF = YES;
				CLANG_WARN_OBJC_LITERAL_CONVERSION = YES;
				CLANG_WARN_OBJC_ROOT_CLASS = YES_ERROR;
				CLANG_WARN_QUOTED_INCLUDE_IN_FRAMEWORK_HEADER = YES;
				CLANG_WARN_RANGE_LOOP_ANALYSIS = YES;
				CLANG_WARN_STRICT_PROTOTYPES = YES;
				CLANG_WARN_SUSPICIOUS_MOVE = YES;
				CLANG_WARN_UNGUARDED_AVAILABILITY = YES_AGGRESSIVE;
				CLANG_WARN_UNREACHABLE_CODE = YES;
				CLANG_WARN__DUPLICATE_METHOD_MATCH = YES;
				COPY_PHASE_STRIP = NO;
				DEBUG_INFORMATION_FORMAT = "dwarf-with-dsym";
				ENABLE_NS_ASSERTIONS = NO;
				ENABLE_STRICT_OBJC_MSGSEND = YES;
				GCC_C_LANGUAGE_STANDARD = gnu11;
				GCC_NO_COMMON_BLOCKS = YES;
				GCC_WARN_64_TO_32_BIT_CONVERSION = YES;
				GCC_WARN_ABOUT_RETURN_TYPE = YES_ERROR;
				GCC_WARN_UNDECLARED_SELECTOR = YES;
				GCC_WARN_UNINITIALIZED_AUTOS = YES_AGGRESSIVE;
				GCC_WARN_UNUSED_FUNCTION = YES;
				GCC_WARN_UNUSED_VARIABLE = YES;
				IPHONEOS_DEPLOYMENT_TARGET = 14.4;
				MTL_ENABLE_DEBUG_INFO = NO;
				MTL_FAST_MATH = YES;
				SDKROOT = iphoneos;
				SWIFT_COMPILATION_MODE = wholemodule;
				SWIFT_OPTIMIZATION_LEVEL = "-O";
				VALIDATE_PRODUCT = YES;
			};
			name = Release;
		};
		79C7B26625DCCD2000EFB3E5 /* Debug */ = {
			isa = XCBuildConfiguration;
			buildSettings = {
				ASSETCATALOG_COMPILER_APPICON_NAME = AppIcon;
				ASSETCATALOG_COMPILER_GLOBAL_ACCENT_COLOR_NAME = AccentColor;
				CODE_SIGN_STYLE = Automatic;
				DEVELOPMENT_ASSET_PATHS = "\"GoogleImageDownload/Preview Content\"";
				DEVELOPMENT_TEAM = X7SHMP3XEG;
				ENABLE_PREVIEWS = YES;
				INFOPLIST_FILE = GoogleImageDownload/Info.plist;
				IPHONEOS_DEPLOYMENT_TARGET = 14.0;
				LD_RUNPATH_SEARCH_PATHS = (
					"$(inherited)",
					"@executable_path/Frameworks",
				);
				PRODUCT_BUNDLE_IDENTIFIER = com.stanislavJidkov.GoogleImageDownload;
				PRODUCT_NAME = "$(TARGET_NAME)";
				SWIFT_VERSION = 5.0;
				TARGETED_DEVICE_FAMILY = "1,2";
			};
			name = Debug;
		};
		79C7B26725DCCD2000EFB3E5 /* Release */ = {
			isa = XCBuildConfiguration;
			buildSettings = {
				ASSETCATALOG_COMPILER_APPICON_NAME = AppIcon;
				ASSETCATALOG_COMPILER_GLOBAL_ACCENT_COLOR_NAME = AccentColor;
				CODE_SIGN_STYLE = Automatic;
				DEVELOPMENT_ASSET_PATHS = "\"GoogleImageDownload/Preview Content\"";
				DEVELOPMENT_TEAM = X7SHMP3XEG;
				ENABLE_PREVIEWS = YES;
				INFOPLIST_FILE = GoogleImageDownload/Info.plist;
				IPHONEOS_DEPLOYMENT_TARGET = 14.0;
				LD_RUNPATH_SEARCH_PATHS = (
					"$(inherited)",
					"@executable_path/Frameworks",
				);
				PRODUCT_BUNDLE_IDENTIFIER = com.stanislavJidkov.GoogleImageDownload;
				PRODUCT_NAME = "$(TARGET_NAME)";
				SWIFT_VERSION = 5.0;
				TARGETED_DEVICE_FAMILY = "1,2";
			};
			name = Release;
		};
		79C7B26925DCCD2000EFB3E5 /* Debug */ = {
			isa = XCBuildConfiguration;
			buildSettings = {
				ALWAYS_EMBED_SWIFT_STANDARD_LIBRARIES = YES;
				BUNDLE_LOADER = "$(TEST_HOST)";
				CODE_SIGN_STYLE = Automatic;
				DEVELOPMENT_TEAM = X7SHMP3XEG;
				INFOPLIST_FILE = GoogleImageDownloadTests/Info.plist;
				IPHONEOS_DEPLOYMENT_TARGET = 14.0;
				LD_RUNPATH_SEARCH_PATHS = (
					"$(inherited)",
					"@executable_path/Frameworks",
					"@loader_path/Frameworks",
				);
				PRODUCT_BUNDLE_IDENTIFIER = com.stanislavJidkov.GoogleImageDownloadTests;
				PRODUCT_NAME = "$(TARGET_NAME)";
				SWIFT_VERSION = 5.0;
				TARGETED_DEVICE_FAMILY = "1,2";
				TEST_HOST = "$(BUILT_PRODUCTS_DIR)/GoogleImageDownload.app/GoogleImageDownload";
			};
			name = Debug;
		};
		79C7B26A25DCCD2000EFB3E5 /* Release */ = {
			isa = XCBuildConfiguration;
			buildSettings = {
				ALWAYS_EMBED_SWIFT_STANDARD_LIBRARIES = YES;
				BUNDLE_LOADER = "$(TEST_HOST)";
				CODE_SIGN_STYLE = Automatic;
				DEVELOPMENT_TEAM = X7SHMP3XEG;
				INFOPLIST_FILE = GoogleImageDownloadTests/Info.plist;
				IPHONEOS_DEPLOYMENT_TARGET = 14.0;
				LD_RUNPATH_SEARCH_PATHS = (
					"$(inherited)",
					"@executable_path/Frameworks",
					"@loader_path/Frameworks",
				);
				PRODUCT_BUNDLE_IDENTIFIER = com.stanislavJidkov.GoogleImageDownloadTests;
				PRODUCT_NAME = "$(TARGET_NAME)";
				SWIFT_VERSION = 5.0;
				TARGETED_DEVICE_FAMILY = "1,2";
				TEST_HOST = "$(BUILT_PRODUCTS_DIR)/GoogleImageDownload.app/GoogleImageDownload";
			};
			name = Release;
		};
		79C7B26C25DCCD2000EFB3E5 /* Debug */ = {
			isa = XCBuildConfiguration;
			buildSettings = {
				ALWAYS_EMBED_SWIFT_STANDARD_LIBRARIES = YES;
				CODE_SIGN_STYLE = Automatic;
				DEVELOPMENT_TEAM = X7SHMP3XEG;
				INFOPLIST_FILE = GoogleImageDownloadUITests/Info.plist;
				LD_RUNPATH_SEARCH_PATHS = (
					"$(inherited)",
					"@executable_path/Frameworks",
					"@loader_path/Frameworks",
				);
				PRODUCT_BUNDLE_IDENTIFIER = com.stanislavJidkov.GoogleImageDownloadUITests;
				PRODUCT_NAME = "$(TARGET_NAME)";
				SWIFT_VERSION = 5.0;
				TARGETED_DEVICE_FAMILY = "1,2";
				TEST_TARGET_NAME = GoogleImageDownload;
			};
			name = Debug;
		};
		79C7B26D25DCCD2000EFB3E5 /* Release */ = {
			isa = XCBuildConfiguration;
			buildSettings = {
				ALWAYS_EMBED_SWIFT_STANDARD_LIBRARIES = YES;
				CODE_SIGN_STYLE = Automatic;
				DEVELOPMENT_TEAM = X7SHMP3XEG;
				INFOPLIST_FILE = GoogleImageDownloadUITests/Info.plist;
				LD_RUNPATH_SEARCH_PATHS = (
					"$(inherited)",
					"@executable_path/Frameworks",
					"@loader_path/Frameworks",
				);
				PRODUCT_BUNDLE_IDENTIFIER = com.stanislavJidkov.GoogleImageDownloadUITests;
				PRODUCT_NAME = "$(TARGET_NAME)";
				SWIFT_VERSION = 5.0;
				TARGETED_DEVICE_FAMILY = "1,2";
				TEST_TARGET_NAME = GoogleImageDownload;
			};
			name = Release;
		};
/* End XCBuildConfiguration section */

/* Begin XCConfigurationList section */
		79C7B23625DCCD1D00EFB3E5 /* Build configuration list for PBXProject "GoogleImageDownload" */ = {
			isa = XCConfigurationList;
			buildConfigurations = (
				79C7B26325DCCD2000EFB3E5 /* Debug */,
				79C7B26425DCCD2000EFB3E5 /* Release */,
			);
			defaultConfigurationIsVisible = 0;
			defaultConfigurationName = Release;
		};
		79C7B26525DCCD2000EFB3E5 /* Build configuration list for PBXNativeTarget "GoogleImageDownload" */ = {
			isa = XCConfigurationList;
			buildConfigurations = (
				79C7B26625DCCD2000EFB3E5 /* Debug */,
				79C7B26725DCCD2000EFB3E5 /* Release */,
			);
			defaultConfigurationIsVisible = 0;
			defaultConfigurationName = Release;
		};
		79C7B26825DCCD2000EFB3E5 /* Build configuration list for PBXNativeTarget "GoogleImageDownloadTests" */ = {
			isa = XCConfigurationList;
			buildConfigurations = (
				79C7B26925DCCD2000EFB3E5 /* Debug */,
				79C7B26A25DCCD2000EFB3E5 /* Release */,
			);
			defaultConfigurationIsVisible = 0;
			defaultConfigurationName = Release;
		};
		79C7B26B25DCCD2000EFB3E5 /* Build configuration list for PBXNativeTarget "GoogleImageDownloadUITests" */ = {
			isa = XCConfigurationList;
			buildConfigurations = (
				79C7B26C25DCCD2000EFB3E5 /* Debug */,
				79C7B26D25DCCD2000EFB3E5 /* Release */,
			);
			defaultConfigurationIsVisible = 0;
			defaultConfigurationName = Release;
		};
/* End XCConfigurationList section */

/* Begin XCVersionGroup section */
		79C7B24925DCCD1F00EFB3E5 /* GoogleImageDownload.xcdatamodeld */ = {
			isa = XCVersionGroup;
			children = (
				79C7B24A25DCCD1F00EFB3E5 /* GoogleImageDownload.xcdatamodel */,
			);
			currentVersion = 79C7B24A25DCCD1F00EFB3E5 /* GoogleImageDownload.xcdatamodel */;
			path = GoogleImageDownload.xcdatamodeld;
			sourceTree = "<group>";
			versionGroupType = wrapper.xcdatamodel;
		};
/* End XCVersionGroup section */
	};
	rootObject = 79C7B23325DCCD1D00EFB3E5 /* Project object */;
}
